// !$*UTF8*$!
{
	archiveVersion = 1;
	classes = {
	};
	objectVersion = 55;
	objects = {

/* Begin PBXBuildFile section */
		623C729B28C50B9E00A044BA /* Podfile in Resources */ = {isa = PBXBuildFile; fileRef = 623C729A28C50B9E00A044BA /* Podfile */; };
		623F656728C60476005C88EF /* SearchTableViewCell.swift in Sources */ = {isa = PBXBuildFile; fileRef = 623F656628C60476005C88EF /* SearchTableViewCell.swift */; };
		623F656A28C6066F005C88EF /* APIService.swift in Sources */ = {isa = PBXBuildFile; fileRef = 623F656928C6066F005C88EF /* APIService.swift */; };
		623F656D28C6098E005C88EF /* SearchResults.swift in Sources */ = {isa = PBXBuildFile; fileRef = 623F656C28C6098E005C88EF /* SearchResults.swift */; };
		6277E42628C50A85007A3D67 /* AppDelegate.swift in Sources */ = {isa = PBXBuildFile; fileRef = 6277E42528C50A85007A3D67 /* AppDelegate.swift */; };
		6277E42828C50A85007A3D67 /* SceneDelegate.swift in Sources */ = {isa = PBXBuildFile; fileRef = 6277E42728C50A85007A3D67 /* SceneDelegate.swift */; };
		6277E42D28C50A85007A3D67 /* Main.storyboard in Resources */ = {isa = PBXBuildFile; fileRef = 6277E42B28C50A85007A3D67 /* Main.storyboard */; };
		6277E42F28C50A88007A3D67 /* Assets.xcassets in Resources */ = {isa = PBXBuildFile; fileRef = 6277E42E28C50A88007A3D67 /* Assets.xcassets */; };
		6277E43228C50A88007A3D67 /* LaunchScreen.storyboard in Resources */ = {isa = PBXBuildFile; fileRef = 6277E43028C50A88007A3D67 /* LaunchScreen.storyboard */; };
		62987BBF28C50E2800A0E847 /* SearchTableViewController.swift in Sources */ = {isa = PBXBuildFile; fileRef = 62987BBE28C50E2800A0E847 /* SearchTableViewController.swift */; };
		FDF5F8CBE4478BA9B97D9CCE /* Pods_DCA_Calculator.framework in Frameworks */ = {isa = PBXBuildFile; fileRef = 83E52969C45BBDF7EC89EACB /* Pods_DCA_Calculator.framework */; };
/* End PBXBuildFile section */

/* Begin PBXFileReference section */
		3BF56E4127AB18874A59D9D9 /* Pods-DCA-Calculator.release.xcconfig */ = {isa = PBXFileReference; includeInIndex = 1; lastKnownFileType = text.xcconfig; name = "Pods-DCA-Calculator.release.xcconfig"; path = "Target Support Files/Pods-DCA-Calculator/Pods-DCA-Calculator.release.xcconfig"; sourceTree = "<group>"; };
		482FC5D3883480CCDC8D958F /* Pods-DCA-Calculator.debug.xcconfig */ = {isa = PBXFileReference; includeInIndex = 1; lastKnownFileType = text.xcconfig; name = "Pods-DCA-Calculator.debug.xcconfig"; path = "Target Support Files/Pods-DCA-Calculator/Pods-DCA-Calculator.debug.xcconfig"; sourceTree = "<group>"; };
		623C729A28C50B9E00A044BA /* Podfile */ = {isa = PBXFileReference; fileEncoding = 4; lastKnownFileType = text; path = Podfile; sourceTree = "<group>"; };
		623F656628C60476005C88EF /* SearchTableViewCell.swift */ = {isa = PBXFileReference; lastKnownFileType = sourcecode.swift; path = SearchTableViewCell.swift; sourceTree = "<group>"; };
		623F656928C6066F005C88EF /* APIService.swift */ = {isa = PBXFileReference; lastKnownFileType = sourcecode.swift; path = APIService.swift; sourceTree = "<group>"; };
		623F656C28C6098E005C88EF /* SearchResults.swift */ = {isa = PBXFileReference; lastKnownFileType = sourcecode.swift; path = SearchResults.swift; sourceTree = "<group>"; };
		6277E42228C50A85007A3D67 /* DCA-Calculator.app */ = {isa = PBXFileReference; explicitFileType = wrapper.application; includeInIndex = 0; path = "DCA-Calculator.app"; sourceTree = BUILT_PRODUCTS_DIR; };
		6277E42528C50A85007A3D67 /* AppDelegate.swift */ = {isa = PBXFileReference; lastKnownFileType = sourcecode.swift; path = AppDelegate.swift; sourceTree = "<group>"; };
		6277E42728C50A85007A3D67 /* SceneDelegate.swift */ = {isa = PBXFileReference; lastKnownFileType = sourcecode.swift; path = SceneDelegate.swift; sourceTree = "<group>"; };
		6277E42C28C50A85007A3D67 /* Base */ = {isa = PBXFileReference; lastKnownFileType = file.storyboard; name = Base; path = Base.lproj/Main.storyboard; sourceTree = "<group>"; };
		6277E42E28C50A88007A3D67 /* Assets.xcassets */ = {isa = PBXFileReference; lastKnownFileType = folder.assetcatalog; path = Assets.xcassets; sourceTree = "<group>"; };
		6277E43128C50A88007A3D67 /* Base */ = {isa = PBXFileReference; lastKnownFileType = file.storyboard; name = Base; path = Base.lproj/LaunchScreen.storyboard; sourceTree = "<group>"; };
		6277E43328C50A88007A3D67 /* Info.plist */ = {isa = PBXFileReference; lastKnownFileType = text.plist.xml; path = Info.plist; sourceTree = "<group>"; };
		62987BBE28C50E2800A0E847 /* SearchTableViewController.swift */ = {isa = PBXFileReference; lastKnownFileType = sourcecode.swift; path = SearchTableViewController.swift; sourceTree = "<group>"; };
		83E52969C45BBDF7EC89EACB /* Pods_DCA_Calculator.framework */ = {isa = PBXFileReference; explicitFileType = wrapper.framework; includeInIndex = 0; path = Pods_DCA_Calculator.framework; sourceTree = BUILT_PRODUCTS_DIR; };
/* End PBXFileReference section */

/* Begin PBXFrameworksBuildPhase section */
		6277E41F28C50A85007A3D67 /* Frameworks */ = {
			isa = PBXFrameworksBuildPhase;
			buildActionMask = 2147483647;
			files = (
				FDF5F8CBE4478BA9B97D9CCE /* Pods_DCA_Calculator.framework in Frameworks */,
			);
			runOnlyForDeploymentPostprocessing = 0;
		};
/* End PBXFrameworksBuildPhase section */

/* Begin PBXGroup section */
		623F656328C6040E005C88EF /* View */ = {
			isa = PBXGroup;
			children = (
				623F656628C60476005C88EF /* SearchTableViewCell.swift */,
			);
			path = View;
			sourceTree = "<group>";
		};
		623F656428C6041B005C88EF /* Controller */ = {
			isa = PBXGroup;
			children = (
				62987BBE28C50E2800A0E847 /* SearchTableViewController.swift */,
			);
			path = Controller;
			sourceTree = "<group>";
		};
		623F656528C60439005C88EF /* Core */ = {
			isa = PBXGroup;
			children = (
				6277E42528C50A85007A3D67 /* AppDelegate.swift */,
				6277E42728C50A85007A3D67 /* SceneDelegate.swift */,
				6277E43028C50A88007A3D67 /* LaunchScreen.storyboard */,
				6277E42B28C50A85007A3D67 /* Main.storyboard */,
				6277E42E28C50A88007A3D67 /* Assets.xcassets */,
				623C729A28C50B9E00A044BA /* Podfile */,
			);
			path = Core;
			sourceTree = "<group>";
		};
		623F656828C60661005C88EF /* Service */ = {
			isa = PBXGroup;
			children = (
				623F656928C6066F005C88EF /* APIService.swift */,
			);
			path = Service;
			sourceTree = "<group>";
		};
		623F656B28C60978005C88EF /* Model */ = {
			isa = PBXGroup;
			children = (
				623F656C28C6098E005C88EF /* SearchResults.swift */,
			);
			path = Model;
			sourceTree = "<group>";
		};
		6277E41928C50A85007A3D67 = {
			isa = PBXGroup;
			children = (
				6277E42428C50A85007A3D67 /* DCA-Calculator */,
				6277E42328C50A85007A3D67 /* Products */,
				623F656528C60439005C88EF /* Core */,
				B8139337E366A77E5BE681DD /* Pods */,
				957DEDB2BCCDBDFB123F87E3 /* Frameworks */,
			);
			sourceTree = "<group>";
		};
		6277E42328C50A85007A3D67 /* Products */ = {
			isa = PBXGroup;
			children = (
				6277E42228C50A85007A3D67 /* DCA-Calculator.app */,
			);
			name = Products;
			sourceTree = "<group>";
		};
		6277E42428C50A85007A3D67 /* DCA-Calculator */ = {
			isa = PBXGroup;
			children = (
				623F656B28C60978005C88EF /* Model */,
				623F656828C60661005C88EF /* Service */,
				623F656428C6041B005C88EF /* Controller */,
				623F656328C6040E005C88EF /* View */,
				6277E43328C50A88007A3D67 /* Info.plist */,
			);
			path = "DCA-Calculator";
			sourceTree = "<group>";
		};
		957DEDB2BCCDBDFB123F87E3 /* Frameworks */ = {
			isa = PBXGroup;
			children = (
				83E52969C45BBDF7EC89EACB /* Pods_DCA_Calculator.framework */,
			);
			name = Frameworks;
			sourceTree = "<group>";
		};
		B8139337E366A77E5BE681DD /* Pods */ = {
			isa = PBXGroup;
			children = (
				482FC5D3883480CCDC8D958F /* Pods-DCA-Calculator.debug.xcconfig */,
				3BF56E4127AB18874A59D9D9 /* Pods-DCA-Calculator.release.xcconfig */,
			);
			path = Pods;
			sourceTree = "<group>";
		};
/* End PBXGroup section */

/* Begin PBXNativeTarget section */
		6277E42128C50A85007A3D67 /* DCA-Calculator */ = {
			isa = PBXNativeTarget;
			buildConfigurationList = 6277E43628C50A88007A3D67 /* Build configuration list for PBXNativeTarget "DCA-Calculator" */;
			buildPhases = (
				86A4F1BD4F2D876E4D755137 /* [CP] Check Pods Manifest.lock */,
				6277E41E28C50A85007A3D67 /* Sources */,
				6277E41F28C50A85007A3D67 /* Frameworks */,
				6277E42028C50A85007A3D67 /* Resources */,
				FFC606D61120ABB74A873921 /* [CP] Embed Pods Frameworks */,
			);
			buildRules = (
			);
			dependencies = (
			);
			name = "DCA-Calculator";
			productName = "DCA-Calculator";
			productReference = 6277E42228C50A85007A3D67 /* DCA-Calculator.app */;
			productType = "com.apple.product-type.application";
		};
/* End PBXNativeTarget section */

/* Begin PBXProject section */
		6277E41A28C50A85007A3D67 /* Project object */ = {
			isa = PBXProject;
			attributes = {
				BuildIndependentTargetsInParallel = 1;
				LastSwiftUpdateCheck = 1340;
				LastUpgradeCheck = 1340;
				TargetAttributes = {
					6277E42128C50A85007A3D67 = {
						CreatedOnToolsVersion = 13.4.1;
					};
				};
			};
			buildConfigurationList = 6277E41D28C50A85007A3D67 /* Build configuration list for PBXProject "DCA-Calculator" */;
			compatibilityVersion = "Xcode 13.0";
			developmentRegion = en;
			hasScannedForEncodings = 0;
			knownRegions = (
				en,
				Base,
			);
			mainGroup = 6277E41928C50A85007A3D67;
			productRefGroup = 6277E42328C50A85007A3D67 /* Products */;
			projectDirPath = "";
			projectRoot = "";
			targets = (
				6277E42128C50A85007A3D67 /* DCA-Calculator */,
			);
		};
/* End PBXProject section */

/* Begin PBXResourcesBuildPhase section */
		6277E42028C50A85007A3D67 /* Resources */ = {
			isa = PBXResourcesBuildPhase;
			buildActionMask = 2147483647;
			files = (
				6277E43228C50A88007A3D67 /* LaunchScreen.storyboard in Resources */,
				6277E42F28C50A88007A3D67 /* Assets.xcassets in Resources */,
				623C729B28C50B9E00A044BA /* Podfile in Resources */,
				6277E42D28C50A85007A3D67 /* Main.storyboard in Resources */,
			);
			runOnlyForDeploymentPostprocessing = 0;
		};
/* End PBXResourcesBuildPhase section */

/* Begin PBXShellScriptBuildPhase section */
		86A4F1BD4F2D876E4D755137 /* [CP] Check Pods Manifest.lock */ = {
			isa = PBXShellScriptBuildPhase;
			buildActionMask = 2147483647;
			files = (
			);
			inputFileListPaths = (
			);
			inputPaths = (
				"${PODS_PODFILE_DIR_PATH}/Podfile.lock",
				"${PODS_ROOT}/Manifest.lock",
			);
			name = "[CP] Check Pods Manifest.lock";
			outputFileListPaths = (
			);
			outputPaths = (
				"$(DERIVED_FILE_DIR)/Pods-DCA-Calculator-checkManifestLockResult.txt",
			);
			runOnlyForDeploymentPostprocessing = 0;
			shellPath = /bin/sh;
			shellScript = "diff \"${PODS_PODFILE_DIR_PATH}/Podfile.lock\" \"${PODS_ROOT}/Manifest.lock\" > /dev/null\nif [ $? != 0 ] ; then\n    # print error to STDERR\n    echo \"error: The sandbox is not in sync with the Podfile.lock. Run 'pod install' or update your CocoaPods installation.\" >&2\n    exit 1\nfi\n# This output is used by Xcode 'outputs' to avoid re-running this script phase.\necho \"SUCCESS\" > \"${SCRIPT_OUTPUT_FILE_0}\"\n";
			showEnvVarsInLog = 0;
		};
		FFC606D61120ABB74A873921 /* [CP] Embed Pods Frameworks */ = {
			isa = PBXShellScriptBuildPhase;
			buildActionMask = 2147483647;
			files = (
			);
			inputFileListPaths = (
				"${PODS_ROOT}/Target Support Files/Pods-DCA-Calculator/Pods-DCA-Calculator-frameworks-${CONFIGURATION}-input-files.xcfilelist",
			);
			name = "[CP] Embed Pods Frameworks";
			outputFileListPaths = (
				"${PODS_ROOT}/Target Support Files/Pods-DCA-Calculator/Pods-DCA-Calculator-frameworks-${CONFIGURATION}-output-files.xcfilelist",
			);
			runOnlyForDeploymentPostprocessing = 0;
			shellPath = /bin/sh;
			shellScript = "\"${PODS_ROOT}/Target Support Files/Pods-DCA-Calculator/Pods-DCA-Calculator-frameworks.sh\"\n";
			showEnvVarsInLog = 0;
		};
/* End PBXShellScriptBuildPhase section */

/* Begin PBXSourcesBuildPhase section */
		6277E41E28C50A85007A3D67 /* Sources */ = {
			isa = PBXSourcesBuildPhase;
			buildActionMask = 2147483647;
			files = (
				6277E42628C50A85007A3D67 /* AppDelegate.swift in Sources */,
				623F656A28C6066F005C88EF /* APIService.swift in Sources */,
				623F656728C60476005C88EF /* SearchTableViewCell.swift in Sources */,
				62987BBF28C50E2800A0E847 /* SearchTableViewController.swift in Sources */,
				623F656D28C6098E005C88EF /* SearchResults.swift in Sources */,
				6277E42828C50A85007A3D67 /* SceneDelegate.swift in Sources */,
			);
			runOnlyForDeploymentPostprocessing = 0;
		};
/* End PBXSourcesBuildPhase section */

/* Begin PBXVariantGroup section */
		6277E42B28C50A85007A3D67 /* Main.storyboard */ = {
			isa = PBXVariantGroup;
			children = (
				6277E42C28C50A85007A3D67 /* Base */,
			);
			name = Main.storyboard;
			sourceTree = "<group>";
		};
		6277E43028C50A88007A3D67 /* LaunchScreen.storyboard */ = {
			isa = PBXVariantGroup;
			children = (
				6277E43128C50A88007A3D67 /* Base */,
			);
			name = LaunchScreen.storyboard;
			sourceTree = "<group>";
		};
/* End PBXVariantGroup section */

/* Begin XCBuildConfiguration section */
		6277E43428C50A88007A3D67 /* Debug */ = {
			isa = XCBuildConfiguration;
			buildSettings = {
				ALWAYS_SEARCH_USER_PATHS = NO;
				CLANG_ANALYZER_NONNULL = YES;
				CLANG_ANALYZER_NUMBER_OBJECT_CONVERSION = YES_AGGRESSIVE;
				CLANG_CXX_LANGUAGE_STANDARD = "gnu++17";
				CLANG_ENABLE_MODULES = YES;
				CLANG_ENABLE_OBJC_ARC = YES;
				CLANG_ENABLE_OBJC_WEAK = YES;
				CLANG_WARN_BLOCK_CAPTURE_AUTORELEASING = YES;
				CLANG_WARN_BOOL_CONVERSION = YES;
				CLANG_WARN_COMMA = YES;
				CLANG_WARN_CONSTANT_CONVERSION = YES;
				CLANG_WARN_DEPRECATED_OBJC_IMPLEMENTATIONS = YES;
				CLANG_WARN_DIRECT_OBJC_ISA_USAGE = YES_ERROR;
				CLANG_WARN_DOCUMENTATION_COMMENTS = YES;
				CLANG_WARN_EMPTY_BODY = YES;
				CLANG_WARN_ENUM_CONVERSION = YES;
				CLANG_WARN_INFINITE_RECURSION = YES;
				CLANG_WARN_INT_CONVERSION = YES;
				CLANG_WARN_NON_LITERAL_NULL_CONVERSION = YES;
				CLANG_WARN_OBJC_IMPLICIT_RETAIN_SELF = YES;
				CLANG_WARN_OBJC_LITERAL_CONVERSION = YES;
				CLANG_WARN_OBJC_ROOT_CLASS = YES_ERROR;
				CLANG_WARN_QUOTED_INCLUDE_IN_FRAMEWORK_HEADER = YES;
				CLANG_WARN_RANGE_LOOP_ANALYSIS = YES;
				CLANG_WARN_STRICT_PROTOTYPES = YES;
				CLANG_WARN_SUSPICIOUS_MOVE = YES;
				CLANG_WARN_UNGUARDED_AVAILABILITY = YES_AGGRESSIVE;
				CLANG_WARN_UNREACHABLE_CODE = YES;
				CLANG_WARN__DUPLICATE_METHOD_MATCH = YES;
				COPY_PHASE_STRIP = NO;
				DEBUG_INFORMATION_FORMAT = dwarf;
				ENABLE_STRICT_OBJC_MSGSEND = YES;
				ENABLE_TESTABILITY = YES;
				GCC_C_LANGUAGE_STANDARD = gnu11;
				GCC_DYNAMIC_NO_PIC = NO;
				GCC_NO_COMMON_BLOCKS = YES;
				GCC_OPTIMIZATION_LEVEL = 0;
				GCC_PREPROCESSOR_DEFINITIONS = (
					"DEBUG=1",
					"$(inherited)",
				);
				GCC_WARN_64_TO_32_BIT_CONVERSION = YES;
				GCC_WARN_ABOUT_RETURN_TYPE = YES_ERROR;
				GCC_WARN_UNDECLARED_SELECTOR = YES;
				GCC_WARN_UNINITIALIZED_AUTOS = YES_AGGRESSIVE;
				GCC_WARN_UNUSED_FUNCTION = YES;
				GCC_WARN_UNUSED_VARIABLE = YES;
				IPHONEOS_DEPLOYMENT_TARGET = 15.5;
				MTL_ENABLE_DEBUG_INFO = INCLUDE_SOURCE;
				MTL_FAST_MATH = YES;
				ONLY_ACTIVE_ARCH = YES;
				SDKROOT = iphoneos;
				SWIFT_ACTIVE_COMPILATION_CONDITIONS = DEBUG;
				SWIFT_OPTIMIZATION_LEVEL = "-Onone";
			};
			name = Debug;
		};
		6277E43528C50A88007A3D67 /* Release */ = {
			isa = XCBuildConfiguration;
			buildSettings = {
				ALWAYS_SEARCH_USER_PATHS = NO;
				CLANG_ANALYZER_NONNULL = YES;
				CLANG_ANALYZER_NUMBER_OBJECT_CONVERSION = YES_AGGRESSIVE;
				CLANG_CXX_LANGUAGE_STANDARD = "gnu++17";
				CLANG_ENABLE_MODULES = YES;
				CLANG_ENABLE_OBJC_ARC = YES;
				CLANG_ENABLE_OBJC_WEAK = YES;
				CLANG_WARN_BLOCK_CAPTURE_AUTORELEASING = YES;
				CLANG_WARN_BOOL_CONVERSION = YES;
				CLANG_WARN_COMMA = YES;
				CLANG_WARN_CONSTANT_CONVERSION = YES;
				CLANG_WARN_DEPRECATED_OBJC_IMPLEMENTATIONS = YES;
				CLANG_WARN_DIRECT_OBJC_ISA_USAGE = YES_ERROR;
				CLANG_WARN_DOCUMENTATION_COMMENTS = YES;
				CLANG_WARN_EMPTY_BODY = YES;
				CLANG_WARN_ENUM_CONVERSION = YES;
				CLANG_WARN_INFINITE_RECURSION = YES;
				CLANG_WARN_INT_CONVERSION = YES;
				CLANG_WARN_NON_LITERAL_NULL_CONVERSION = YES;
				CLANG_WARN_OBJC_IMPLICIT_RETAIN_SELF = YES;
				CLANG_WARN_OBJC_LITERAL_CONVERSION = YES;
				CLANG_WARN_OBJC_ROOT_CLASS = YES_ERROR;
				CLANG_WARN_QUOTED_INCLUDE_IN_FRAMEWORK_HEADER = YES;
				CLANG_WARN_RANGE_LOOP_ANALYSIS = YES;
				CLANG_WARN_STRICT_PROTOTYPES = YES;
				CLANG_WARN_SUSPICIOUS_MOVE = YES;
				CLANG_WARN_UNGUARDED_AVAILABILITY = YES_AGGRESSIVE;
				CLANG_WARN_UNREACHABLE_CODE = YES;
				CLANG_WARN__DUPLICATE_METHOD_MATCH = YES;
				COPY_PHASE_STRIP = NO;
				DEBUG_INFORMATION_FORMAT = "dwarf-with-dsym";
				ENABLE_NS_ASSERTIONS = NO;
				ENABLE_STRICT_OBJC_MSGSEND = YES;
				GCC_C_LANGUAGE_STANDARD = gnu11;
				GCC_NO_COMMON_BLOCKS = YES;
				GCC_WARN_64_TO_32_BIT_CONVERSION = YES;
				GCC_WARN_ABOUT_RETURN_TYPE = YES_ERROR;
				GCC_WARN_UNDECLARED_SELECTOR = YES;
				GCC_WARN_UNINITIALIZED_AUTOS = YES_AGGRESSIVE;
				GCC_WARN_UNUSED_FUNCTION = YES;
				GCC_WARN_UNUSED_VARIABLE = YES;
				IPHONEOS_DEPLOYMENT_TARGET = 15.5;
				MTL_ENABLE_DEBUG_INFO = NO;
				MTL_FAST_MATH = YES;
				SDKROOT = iphoneos;
				SWIFT_COMPILATION_MODE = wholemodule;
				SWIFT_OPTIMIZATION_LEVEL = "-O";
				VALIDATE_PRODUCT = YES;
			};
			name = Release;
		};
		6277E43728C50A88007A3D67 /* Debug */ = {
			isa = XCBuildConfiguration;
			baseConfigurationReference = 482FC5D3883480CCDC8D958F /* Pods-DCA-Calculator.debug.xcconfig */;
			buildSettings = {
				ASSETCATALOG_COMPILER_APPICON_NAME = AppIcon;
				ASSETCATALOG_COMPILER_GLOBAL_ACCENT_COLOR_NAME = AccentColor;
				CODE_SIGN_STYLE = Automatic;
				CURRENT_PROJECT_VERSION = 1;
				DEVELOPMENT_TEAM = C6J725SUHU;
				GENERATE_INFOPLIST_FILE = YES;
				INFOPLIST_FILE = "DCA-Calculator/Info.plist";
				INFOPLIST_KEY_UIApplicationSupportsIndirectInputEvents = YES;
				INFOPLIST_KEY_UILaunchStoryboardName = LaunchScreen;
				INFOPLIST_KEY_UIMainStoryboardFile = Main;
				INFOPLIST_KEY_UISupportedInterfaceOrientations_iPad = "UIInterfaceOrientationPortrait UIInterfaceOrientationPortraitUpsideDown UIInterfaceOrientationLandscapeLeft UIInterfaceOrientationLandscapeRight";
				INFOPLIST_KEY_UISupportedInterfaceOrientations_iPhone = "UIInterfaceOrientationPortrait UIInterfaceOrientationLandscapeLeft UIInterfaceOrientationLandscapeRight";
				LD_RUNPATH_SEARCH_PATHS = (
					"$(inherited)",
					"@executable_path/Frameworks",
				);
				MARKETING_VERSION = 1.0;
				PRODUCT_BUNDLE_IDENTIFIER = "safaktepemert.DCA-Calculator";
				PRODUCT_NAME = "$(TARGET_NAME)";
				SWIFT_EMIT_LOC_STRINGS = YES;
				SWIFT_VERSION = 5.0;
				TARGETED_DEVICE_FAMILY = "1,2";
			};
			name = Debug;
		};
		6277E43828C50A88007A3D67 /* Release */ = {
			isa = XCBuildConfiguration;
			baseConfigurationReference = 3BF56E4127AB18874A59D9D9 /* Pods-DCA-Calculator.release.xcconfig */;
			buildSettings = {
				ASSETCATALOG_COMPILER_APPICON_NAME = AppIcon;
				ASSETCATALOG_COMPILER_GLOBAL_ACCENT_COLOR_NAME = AccentColor;
				CODE_SIGN_STYLE = Automatic;
				CURRENT_PROJECT_VERSION = 1;
				DEVELOPMENT_TEAM = C6J725SUHU;
				GENERATE_INFOPLIST_FILE = YES;
				INFOPLIST_FILE = "DCA-Calculator/Info.plist";
				INFOPLIST_KEY_UIApplicationSupportsIndirectInputEvents = YES;
				INFOPLIST_KEY_UILaunchStoryboardName = LaunchScreen;
				INFOPLIST_KEY_UIMainStoryboardFile = Main;
				INFOPLIST_KEY_UISupportedInterfaceOrientations_iPad = "UIInterfaceOrientationPortrait UIInterfaceOrientationPortraitUpsideDown UIInterfaceOrientationLandscapeLeft UIInterfaceOrientationLandscapeRight";
				INFOPLIST_KEY_UISupportedInterfaceOrientations_iPhone = "UIInterfaceOrientationPortrait UIInterfaceOrientationLandscapeLeft UIInterfaceOrientationLandscapeRight";
				LD_RUNPATH_SEARCH_PATHS = (
					"$(inherited)",
					"@executable_path/Frameworks",
				);
				MARKETING_VERSION = 1.0;
				PRODUCT_BUNDLE_IDENTIFIER = "safaktepemert.DCA-Calculator";
				PRODUCT_NAME = "$(TARGET_NAME)";
				SWIFT_EMIT_LOC_STRINGS = YES;
				SWIFT_VERSION = 5.0;
				TARGETED_DEVICE_FAMILY = "1,2";
			};
			name = Release;
		};
/* End XCBuildConfiguration section */

/* Begin XCConfigurationList section */
		6277E41D28C50A85007A3D67 /* Build configuration list for PBXProject "DCA-Calculator" */ = {
			isa = XCConfigurationList;
			buildConfigurations = (
				6277E43428C50A88007A3D67 /* Debug */,
				6277E43528C50A88007A3D67 /* Release */,
			);
			defaultConfigurationIsVisible = 0;
			defaultConfigurationName = Release;
		};
		6277E43628C50A88007A3D67 /* Build configuration list for PBXNativeTarget "DCA-Calculator" */ = {
			isa = XCConfigurationList;
			buildConfigurations = (
				6277E43728C50A88007A3D67 /* Debug */,
				6277E43828C50A88007A3D67 /* Release */,
			);
			defaultConfigurationIsVisible = 0;
			defaultConfigurationName = Release;
		};
/* End XCConfigurationList section */
	};
	rootObject = 6277E41A28C50A85007A3D67 /* Project object */;
}
